// !$*UTF8*$!
{
	archiveVersion = 1;
	classes = {
	};
	objectVersion = 56;
	objects = {

/* Begin PBXBuildFile section */
		CB05853B29A923A20085031E /* SlidingTabView in Frameworks */ = {isa = PBXBuildFile; productRef = CB05853A29A923A20085031E /* SlidingTabView */; };
		CB05853D29A927B00085031E /* PopularView.swift in Sources */ = {isa = PBXBuildFile; fileRef = CB05853C29A927B00085031E /* PopularView.swift */; };
		CB05853F29A927BA0085031E /* StoreView.swift in Sources */ = {isa = PBXBuildFile; fileRef = CB05853E29A927BA0085031E /* StoreView.swift */; };
		CB4E0F1F29A7CA9000E44A67 /* NetworkingManager.swift in Sources */ = {isa = PBXBuildFile; fileRef = CB4E0F1E29A7CA9000E44A67 /* NetworkingManager.swift */; };
		CB4E0F2929A7CBA000E44A67 /* MusicViewModel.swift in Sources */ = {isa = PBXBuildFile; fileRef = CB4E0F2829A7CBA000E44A67 /* MusicViewModel.swift */; };
		CB4E0F2B29A7CBD300E44A67 /* SingerView.swift in Sources */ = {isa = PBXBuildFile; fileRef = CB4E0F2A29A7CBD300E44A67 /* SingerView.swift */; };
		CB8F2E8729A7C91800932B35 /* TrotMoaApp.swift in Sources */ = {isa = PBXBuildFile; fileRef = CB8F2E8629A7C91800932B35 /* TrotMoaApp.swift */; };
		CB8F2E8929A7C91800932B35 /* ContentView.swift in Sources */ = {isa = PBXBuildFile; fileRef = CB8F2E8829A7C91800932B35 /* ContentView.swift */; };
		CB8F2E8B29A7C91900932B35 /* Assets.xcassets in Resources */ = {isa = PBXBuildFile; fileRef = CB8F2E8A29A7C91900932B35 /* Assets.xcassets */; };
		CB8F2E8E29A7C91900932B35 /* Preview Assets.xcassets in Resources */ = {isa = PBXBuildFile; fileRef = CB8F2E8D29A7C91900932B35 /* Preview Assets.xcassets */; };
/* End PBXBuildFile section */

/* Begin PBXFileReference section */
		CB05853C29A927B00085031E /* PopularView.swift */ = {isa = PBXFileReference; lastKnownFileType = sourcecode.swift; path = PopularView.swift; sourceTree = "<group>"; };
		CB05853E29A927BA0085031E /* StoreView.swift */ = {isa = PBXFileReference; lastKnownFileType = sourcecode.swift; path = StoreView.swift; sourceTree = "<group>"; };
		CB4E0F1E29A7CA9000E44A67 /* NetworkingManager.swift */ = {isa = PBXFileReference; lastKnownFileType = sourcecode.swift; path = NetworkingManager.swift; sourceTree = "<group>"; };
		CB4E0F2829A7CBA000E44A67 /* MusicViewModel.swift */ = {isa = PBXFileReference; lastKnownFileType = sourcecode.swift; path = MusicViewModel.swift; sourceTree = "<group>"; };
		CB4E0F2A29A7CBD300E44A67 /* SingerView.swift */ = {isa = PBXFileReference; lastKnownFileType = sourcecode.swift; path = SingerView.swift; sourceTree = "<group>"; };
		CB8F2E8329A7C91800932B35 /* TrotMoa.app */ = {isa = PBXFileReference; explicitFileType = wrapper.application; includeInIndex = 0; path = TrotMoa.app; sourceTree = BUILT_PRODUCTS_DIR; };
		CB8F2E8629A7C91800932B35 /* TrotMoaApp.swift */ = {isa = PBXFileReference; lastKnownFileType = sourcecode.swift; path = TrotMoaApp.swift; sourceTree = "<group>"; };
		CB8F2E8829A7C91800932B35 /* ContentView.swift */ = {isa = PBXFileReference; lastKnownFileType = sourcecode.swift; path = ContentView.swift; sourceTree = "<group>"; };
		CB8F2E8A29A7C91900932B35 /* Assets.xcassets */ = {isa = PBXFileReference; lastKnownFileType = folder.assetcatalog; path = Assets.xcassets; sourceTree = "<group>"; };
		CB8F2E8D29A7C91900932B35 /* Preview Assets.xcassets */ = {isa = PBXFileReference; lastKnownFileType = folder.assetcatalog; path = "Preview Assets.xcassets"; sourceTree = "<group>"; };
/* End PBXFileReference section */

/* Begin PBXFrameworksBuildPhase section */
		CB8F2E8029A7C91800932B35 /* Frameworks */ = {
			isa = PBXFrameworksBuildPhase;
			buildActionMask = 2147483647;
			files = (
				CB05853B29A923A20085031E /* SlidingTabView in Frameworks */,
			);
			runOnlyForDeploymentPostprocessing = 0;
		};
/* End PBXFrameworksBuildPhase section */

/* Begin PBXGroup section */
		CB4E0F1D29A7CA7F00E44A67 /* Utilites */ = {
			isa = PBXGroup;
			children = (
				CB4E0F1E29A7CA9000E44A67 /* NetworkingManager.swift */,
			);
			path = Utilites;
			sourceTree = "<group>";
		};
		CB4E0F2029A7CAD200E44A67 /* Extensions */ = {
			isa = PBXGroup;
			children = (
			);
			path = Extensions;
			sourceTree = "<group>";
		};
		CB4E0F2129A7CAE300E44A67 /* Models */ = {
			isa = PBXGroup;
			children = (
			);
			path = Models;
			sourceTree = "<group>";
		};
		CB4E0F2229A7CAEA00E44A67 /* Core */ = {
			isa = PBXGroup;
			children = (
				CB4E0F2529A7CAF900E44A67 /* Components */,
				CB4E0F2729A7CB3600E44A67 /* Home */,
			);
			path = Core;
			sourceTree = "<group>";
		};
		CB4E0F2529A7CAF900E44A67 /* Components */ = {
			isa = PBXGroup;
			children = (
			);
			path = Components;
			sourceTree = "<group>";
		};
		CB4E0F2629A7CB1500E44A67 /* Services */ = {
			isa = PBXGroup;
			children = (
			);
			path = Services;
			sourceTree = "<group>";
		};
		CB4E0F2729A7CB3600E44A67 /* Home */ = {
			isa = PBXGroup;
			children = (
				CB4E0F2C29A7CBDC00E44A67 /* ViewModels */,
				CB4E0F2D29A7CBE100E44A67 /* Views */,
			);
			path = Home;
			sourceTree = "<group>";
		};
		CB4E0F2C29A7CBDC00E44A67 /* ViewModels */ = {
			isa = PBXGroup;
			children = (
				CB4E0F2829A7CBA000E44A67 /* MusicViewModel.swift */,
			);
			path = ViewModels;
			sourceTree = "<group>";
		};
		CB4E0F2D29A7CBE100E44A67 /* Views */ = {
			isa = PBXGroup;
			children = (
				CB4E0F2A29A7CBD300E44A67 /* SingerView.swift */,
				CB05853C29A927B00085031E /* PopularView.swift */,
				CB05853E29A927BA0085031E /* StoreView.swift */,
			);
			path = Views;
			sourceTree = "<group>";
		};
		CB8F2E7A29A7C91800932B35 = {
			isa = PBXGroup;
			children = (
				CB8F2E8529A7C91800932B35 /* TrotMoa */,
				CB8F2E8429A7C91800932B35 /* Products */,
			);
			sourceTree = "<group>";
		};
		CB8F2E8429A7C91800932B35 /* Products */ = {
			isa = PBXGroup;
			children = (
				CB8F2E8329A7C91800932B35 /* TrotMoa.app */,
			);
			name = Products;
			sourceTree = "<group>";
		};
		CB8F2E8529A7C91800932B35 /* TrotMoa */ = {
			isa = PBXGroup;
			children = (
				CB8F2E8629A7C91800932B35 /* TrotMoaApp.swift */,
				CB4E0F1D29A7CA7F00E44A67 /* Utilites */,
				CB4E0F2029A7CAD200E44A67 /* Extensions */,
				CB4E0F2629A7CB1500E44A67 /* Services */,
				CB4E0F2129A7CAE300E44A67 /* Models */,
				CB4E0F2229A7CAEA00E44A67 /* Core */,
				CB8F2E8829A7C91800932B35 /* ContentView.swift */,
				CB8F2E8A29A7C91900932B35 /* Assets.xcassets */,
				CB8F2E8C29A7C91900932B35 /* Preview Content */,
			);
			path = TrotMoa;
			sourceTree = "<group>";
		};
		CB8F2E8C29A7C91900932B35 /* Preview Content */ = {
			isa = PBXGroup;
			children = (
				CB8F2E8D29A7C91900932B35 /* Preview Assets.xcassets */,
			);
			path = "Preview Content";
			sourceTree = "<group>";
		};
/* End PBXGroup section */

/* Begin PBXNativeTarget section */
		CB8F2E8229A7C91800932B35 /* TrotMoa */ = {
			isa = PBXNativeTarget;
			buildConfigurationList = CB8F2E9129A7C91900932B35 /* Build configuration list for PBXNativeTarget "TrotMoa" */;
			buildPhases = (
				CB8F2E7F29A7C91800932B35 /* Sources */,
				CB8F2E8029A7C91800932B35 /* Frameworks */,
				CB8F2E8129A7C91800932B35 /* Resources */,
			);
			buildRules = (
			);
			dependencies = (
			);
			name = TrotMoa;
			packageProductDependencies = (
				CB05853A29A923A20085031E /* SlidingTabView */,
			);
			productName = TrotMoa;
			productReference = CB8F2E8329A7C91800932B35 /* TrotMoa.app */;
			productType = "com.apple.product-type.application";
		};
/* End PBXNativeTarget section */

/* Begin PBXProject section */
		CB8F2E7B29A7C91800932B35 /* Project object */ = {
			isa = PBXProject;
			attributes = {
				BuildIndependentTargetsInParallel = 1;
				LastSwiftUpdateCheck = 1420;
				LastUpgradeCheck = 1420;
				TargetAttributes = {
					CB8F2E8229A7C91800932B35 = {
						CreatedOnToolsVersion = 14.2;
					};
				};
			};
			buildConfigurationList = CB8F2E7E29A7C91800932B35 /* Build configuration list for PBXProject "TrotMoa" */;
			compatibilityVersion = "Xcode 14.0";
			developmentRegion = en;
			hasScannedForEncodings = 0;
			knownRegions = (
				en,
				Base,
			);
			mainGroup = CB8F2E7A29A7C91800932B35;
			packageReferences = (
				CB05853929A923A20085031E /* XCRemoteSwiftPackageReference "SlidingTabView" */,
			);
			productRefGroup = CB8F2E8429A7C91800932B35 /* Products */;
			projectDirPath = "";
			projectRoot = "";
			targets = (
				CB8F2E8229A7C91800932B35 /* TrotMoa */,
			);
		};
/* End PBXProject section */

/* Begin PBXResourcesBuildPhase section */
		CB8F2E8129A7C91800932B35 /* Resources */ = {
			isa = PBXResourcesBuildPhase;
			buildActionMask = 2147483647;
			files = (
				CB8F2E8E29A7C91900932B35 /* Preview Assets.xcassets in Resources */,
				CB8F2E8B29A7C91900932B35 /* Assets.xcassets in Resources */,
			);
			runOnlyForDeploymentPostprocessing = 0;
		};
/* End PBXResourcesBuildPhase section */

/* Begin PBXSourcesBuildPhase section */
		CB8F2E7F29A7C91800932B35 /* Sources */ = {
			isa = PBXSourcesBuildPhase;
			buildActionMask = 2147483647;
			files = (
				CB8F2E8929A7C91800932B35 /* ContentView.swift in Sources */,
				CB05853F29A927BA0085031E /* StoreView.swift in Sources */,
				CB4E0F1F29A7CA9000E44A67 /* NetworkingManager.swift in Sources */,
				CB8F2E8729A7C91800932B35 /* TrotMoaApp.swift in Sources */,
				CB4E0F2B29A7CBD300E44A67 /* SingerView.swift in Sources */,
				CB05853D29A927B00085031E /* PopularView.swift in Sources */,
				CB4E0F2929A7CBA000E44A67 /* MusicViewModel.swift in Sources */,
			);
			runOnlyForDeploymentPostprocessing = 0;
		};
/* End PBXSourcesBuildPhase section */

/* Begin XCBuildConfiguration section */
		CB8F2E8F29A7C91900932B35 /* Debug */ = {
			isa = XCBuildConfiguration;
			buildSettings = {
				ALWAYS_SEARCH_USER_PATHS = NO;
				CLANG_ANALYZER_NONNULL = YES;
				CLANG_ANALYZER_NUMBER_OBJECT_CONVERSION = YES_AGGRESSIVE;
				CLANG_CXX_LANGUAGE_STANDARD = "gnu++20";
				CLANG_ENABLE_MODULES = YES;
				CLANG_ENABLE_OBJC_ARC = YES;
				CLANG_ENABLE_OBJC_WEAK = YES;
				CLANG_WARN_BLOCK_CAPTURE_AUTORELEASING = YES;
				CLANG_WARN_BOOL_CONVERSION = YES;
				CLANG_WARN_COMMA = YES;
				CLANG_WARN_CONSTANT_CONVERSION = YES;
				CLANG_WARN_DEPRECATED_OBJC_IMPLEMENTATIONS = YES;
				CLANG_WARN_DIRECT_OBJC_ISA_USAGE = YES_ERROR;
				CLANG_WARN_DOCUMENTATION_COMMENTS = YES;
				CLANG_WARN_EMPTY_BODY = YES;
				CLANG_WARN_ENUM_CONVERSION = YES;
				CLANG_WARN_INFINITE_RECURSION = YES;
				CLANG_WARN_INT_CONVERSION = YES;
				CLANG_WARN_NON_LITERAL_NULL_CONVERSION = YES;
				CLANG_WARN_OBJC_IMPLICIT_RETAIN_SELF = YES;
				CLANG_WARN_OBJC_LITERAL_CONVERSION = YES;
				CLANG_WARN_OBJC_ROOT_CLASS = YES_ERROR;
				CLANG_WARN_QUOTED_INCLUDE_IN_FRAMEWORK_HEADER = YES;
				CLANG_WARN_RANGE_LOOP_ANALYSIS = YES;
				CLANG_WARN_STRICT_PROTOTYPES = YES;
				CLANG_WARN_SUSPICIOUS_MOVE = YES;
				CLANG_WARN_UNGUARDED_AVAILABILITY = YES_AGGRESSIVE;
				CLANG_WARN_UNREACHABLE_CODE = YES;
				CLANG_WARN__DUPLICATE_METHOD_MATCH = YES;
				COPY_PHASE_STRIP = NO;
				DEBUG_INFORMATION_FORMAT = dwarf;
				ENABLE_STRICT_OBJC_MSGSEND = YES;
				ENABLE_TESTABILITY = YES;
				GCC_C_LANGUAGE_STANDARD = gnu11;
				GCC_DYNAMIC_NO_PIC = NO;
				GCC_NO_COMMON_BLOCKS = YES;
				GCC_OPTIMIZATION_LEVEL = 0;
				GCC_PREPROCESSOR_DEFINITIONS = (
					"DEBUG=1",
					"$(inherited)",
				);
				GCC_WARN_64_TO_32_BIT_CONVERSION = YES;
				GCC_WARN_ABOUT_RETURN_TYPE = YES_ERROR;
				GCC_WARN_UNDECLARED_SELECTOR = YES;
				GCC_WARN_UNINITIALIZED_AUTOS = YES_AGGRESSIVE;
				GCC_WARN_UNUSED_FUNCTION = YES;
				GCC_WARN_UNUSED_VARIABLE = YES;
				IPHONEOS_DEPLOYMENT_TARGET = 16.2;
				MTL_ENABLE_DEBUG_INFO = INCLUDE_SOURCE;
				MTL_FAST_MATH = YES;
				ONLY_ACTIVE_ARCH = YES;
				SDKROOT = iphoneos;
				SWIFT_ACTIVE_COMPILATION_CONDITIONS = DEBUG;
				SWIFT_OPTIMIZATION_LEVEL = "-Onone";
			};
			name = Debug;
		};
		CB8F2E9029A7C91900932B35 /* Release */ = {
			isa = XCBuildConfiguration;
			buildSettings = {
				ALWAYS_SEARCH_USER_PATHS = NO;
				CLANG_ANALYZER_NONNULL = YES;
				CLANG_ANALYZER_NUMBER_OBJECT_CONVERSION = YES_AGGRESSIVE;
				CLANG_CXX_LANGUAGE_STANDARD = "gnu++20";
				CLANG_ENABLE_MODULES = YES;
				CLANG_ENABLE_OBJC_ARC = YES;
				CLANG_ENABLE_OBJC_WEAK = YES;
				CLANG_WARN_BLOCK_CAPTURE_AUTORELEASING = YES;
				CLANG_WARN_BOOL_CONVERSION = YES;
				CLANG_WARN_COMMA = YES;
				CLANG_WARN_CONSTANT_CONVERSION = YES;
				CLANG_WARN_DEPRECATED_OBJC_IMPLEMENTATIONS = YES;
				CLANG_WARN_DIRECT_OBJC_ISA_USAGE = YES_ERROR;
				CLANG_WARN_DOCUMENTATION_COMMENTS = YES;
				CLANG_WARN_EMPTY_BODY = YES;
				CLANG_WARN_ENUM_CONVERSION = YES;
				CLANG_WARN_INFINITE_RECURSION = YES;
				CLANG_WARN_INT_CONVERSION = YES;
				CLANG_WARN_NON_LITERAL_NULL_CONVERSION = YES;
				CLANG_WARN_OBJC_IMPLICIT_RETAIN_SELF = YES;
				CLANG_WARN_OBJC_LITERAL_CONVERSION = YES;
				CLANG_WARN_OBJC_ROOT_CLASS = YES_ERROR;
				CLANG_WARN_QUOTED_INCLUDE_IN_FRAMEWORK_HEADER = YES;
				CLANG_WARN_RANGE_LOOP_ANALYSIS = YES;
				CLANG_WARN_STRICT_PROTOTYPES = YES;
				CLANG_WARN_SUSPICIOUS_MOVE = YES;
				CLANG_WARN_UNGUARDED_AVAILABILITY = YES_AGGRESSIVE;
				CLANG_WARN_UNREACHABLE_CODE = YES;
				CLANG_WARN__DUPLICATE_METHOD_MATCH = YES;
				COPY_PHASE_STRIP = NO;
				DEBUG_INFORMATION_FORMAT = "dwarf-with-dsym";
				ENABLE_NS_ASSERTIONS = NO;
				ENABLE_STRICT_OBJC_MSGSEND = YES;
				GCC_C_LANGUAGE_STANDARD = gnu11;
				GCC_NO_COMMON_BLOCKS = YES;
				GCC_WARN_64_TO_32_BIT_CONVERSION = YES;
				GCC_WARN_ABOUT_RETURN_TYPE = YES_ERROR;
				GCC_WARN_UNDECLARED_SELECTOR = YES;
				GCC_WARN_UNINITIALIZED_AUTOS = YES_AGGRESSIVE;
				GCC_WARN_UNUSED_FUNCTION = YES;
				GCC_WARN_UNUSED_VARIABLE = YES;
				IPHONEOS_DEPLOYMENT_TARGET = 16.2;
				MTL_ENABLE_DEBUG_INFO = NO;
				MTL_FAST_MATH = YES;
				SDKROOT = iphoneos;
				SWIFT_COMPILATION_MODE = wholemodule;
				SWIFT_OPTIMIZATION_LEVEL = "-O";
				VALIDATE_PRODUCT = YES;
			};
			name = Release;
		};
		CB8F2E9229A7C91900932B35 /* Debug */ = {
			isa = XCBuildConfiguration;
			buildSettings = {
				ASSETCATALOG_COMPILER_APPICON_NAME = AppIcon;
				ASSETCATALOG_COMPILER_GLOBAL_ACCENT_COLOR_NAME = AccentColor;
				CODE_SIGN_STYLE = Automatic;
				CURRENT_PROJECT_VERSION = 1;
				DEVELOPMENT_ASSET_PATHS = "\"TrotMoa/Preview Content\"";
				DEVELOPMENT_TEAM = 3Y8YH8GWMM;
				ENABLE_PREVIEWS = YES;
				GENERATE_INFOPLIST_FILE = YES;
				INFOPLIST_KEY_UIApplicationSceneManifest_Generation = YES;
				INFOPLIST_KEY_UIApplicationSupportsIndirectInputEvents = YES;
				INFOPLIST_KEY_UILaunchScreen_Generation = YES;
				INFOPLIST_KEY_UISupportedInterfaceOrientations_iPad = "UIInterfaceOrientationPortrait UIInterfaceOrientationPortraitUpsideDown UIInterfaceOrientationLandscapeLeft UIInterfaceOrientationLandscapeRight";
				INFOPLIST_KEY_UISupportedInterfaceOrientations_iPhone = "UIInterfaceOrientationPortrait UIInterfaceOrientationLandscapeLeft UIInterfaceOrientationLandscapeRight";
				LD_RUNPATH_SEARCH_PATHS = (
					"$(inherited)",
					"@executable_path/Frameworks",
				);
				MARKETING_VERSION = 1.0;
				PRODUCT_BUNDLE_IDENTIFIER = com.coby.TrotMoa;
				PRODUCT_NAME = "$(TARGET_NAME)";
				SWIFT_EMIT_LOC_STRINGS = YES;
				SWIFT_VERSION = 5.0;
				TARGETED_DEVICE_FAMILY = "1,2";
			};
			name = Debug;
		};
		CB8F2E9329A7C91900932B35 /* Release */ = {
			isa = XCBuildConfiguration;
			buildSettings = {
				ASSETCATALOG_COMPILER_APPICON_NAME = AppIcon;
				ASSETCATALOG_COMPILER_GLOBAL_ACCENT_COLOR_NAME = AccentColor;
				CODE_SIGN_STYLE = Automatic;
				CURRENT_PROJECT_VERSION = 1;
				DEVELOPMENT_ASSET_PATHS = "\"TrotMoa/Preview Content\"";
				DEVELOPMENT_TEAM = 3Y8YH8GWMM;
				ENABLE_PREVIEWS = YES;
				GENERATE_INFOPLIST_FILE = YES;
				INFOPLIST_KEY_UIApplicationSceneManifest_Generation = YES;
				INFOPLIST_KEY_UIApplicationSupportsIndirectInputEvents = YES;
				INFOPLIST_KEY_UILaunchScreen_Generation = YES;
				INFOPLIST_KEY_UISupportedInterfaceOrientations_iPad = "UIInterfaceOrientationPortrait UIInterfaceOrientationPortraitUpsideDown UIInterfaceOrientationLandscapeLeft UIInterfaceOrientationLandscapeRight";
				INFOPLIST_KEY_UISupportedInterfaceOrientations_iPhone = "UIInterfaceOrientationPortrait UIInterfaceOrientationLandscapeLeft UIInterfaceOrientationLandscapeRight";
				LD_RUNPATH_SEARCH_PATHS = (
					"$(inherited)",
					"@executable_path/Frameworks",
				);
				MARKETING_VERSION = 1.0;
				PRODUCT_BUNDLE_IDENTIFIER = com.coby.TrotMoa;
				PRODUCT_NAME = "$(TARGET_NAME)";
				SWIFT_EMIT_LOC_STRINGS = YES;
				SWIFT_VERSION = 5.0;
				TARGETED_DEVICE_FAMILY = "1,2";
			};
			name = Release;
		};
/* End XCBuildConfiguration section */

/* Begin XCConfigurationList section */
		CB8F2E7E29A7C91800932B35 /* Build configuration list for PBXProject "TrotMoa" */ = {
			isa = XCConfigurationList;
			buildConfigurations = (
				CB8F2E8F29A7C91900932B35 /* Debug */,
				CB8F2E9029A7C91900932B35 /* Release */,
			);
			defaultConfigurationIsVisible = 0;
			defaultConfigurationName = Release;
		};
		CB8F2E9129A7C91900932B35 /* Build configuration list for PBXNativeTarget "TrotMoa" */ = {
			isa = XCConfigurationList;
			buildConfigurations = (
				CB8F2E9229A7C91900932B35 /* Debug */,
				CB8F2E9329A7C91900932B35 /* Release */,
			);
			defaultConfigurationIsVisible = 0;
			defaultConfigurationName = Release;
		};
/* End XCConfigurationList section */

/* Begin XCRemoteSwiftPackageReference section */
		CB05853929A923A20085031E /* XCRemoteSwiftPackageReference "SlidingTabView" */ = {
			isa = XCRemoteSwiftPackageReference;
			repositoryURL = "https://github.com/QuynhNguyen/SlidingTabView.git";
			requirement = {
				kind = upToNextMajorVersion;
				minimumVersion = 1.0.0;
			};
		};
/* End XCRemoteSwiftPackageReference section */

/* Begin XCSwiftPackageProductDependency section */
		CB05853A29A923A20085031E /* SlidingTabView */ = {
			isa = XCSwiftPackageProductDependency;
			package = CB05853929A923A20085031E /* XCRemoteSwiftPackageReference "SlidingTabView" */;
			productName = SlidingTabView;
		};
/* End XCSwiftPackageProductDependency section */
	};
	rootObject = CB8F2E7B29A7C91800932B35 /* Project object */;
}
